PODS:
  - Capacitor (8.0.1):
    - CapacitorCordova
  - CapacitorApp (8.0.0):
    - Capacitor
  - CapacitorCordova (8.0.1)
  - CapacitorPluginSafeArea (5.0.0):
    - Capacitor
  - CapacitorShare (8.0.0):
    - Capacitor
  - CapacitorSplashScreen (8.0.0):
    - Capacitor
  - CapawesomeCapacitorAppUpdate (8.0.1):
    - Capacitor

DEPENDENCIES:
  - "Capacitor (from `../../../../node_modules/.pnpm/@capacitor+ios@8.0.1_@capacitor+core@8.0.1/node_modules/@capacitor/ios`)"
  - "CapacitorApp (from `../../../../node_modules/.pnpm/@capacitor+app@8.0.0_@capacitor+core@8.0.1/node_modules/@capacitor/app`)"
  - "CapacitorCordova (from `../../../../node_modules/.pnpm/@capacitor+ios@8.0.1_@capacitor+core@8.0.1/node_modules/@capacitor/ios`)"
  - "CapacitorPluginSafeArea (from `../../../../node_modules/.pnpm/capacitor-plugin-safe-area@5.0.0_@capacitor+core@8.0.1/node_modules/capacitor-plugin-safe-area`)"
  - "CapacitorShare (from `../../../../node_modules/.pnpm/@capacitor+share@8.0.0_@capacitor+core@8.0.1/node_modules/@capacitor/share`)"
  - "CapacitorSplashScreen (from `../../../../node_modules/.pnpm/@capacitor+splash-screen@8.0.0_@capacitor+core@8.0.1/node_modules/@capacitor/splash-screen`)"
  - "CapawesomeCapacitorAppUpdate (from `../../../../node_modules/.pnpm/@capawesome+capacitor-app-update@8.0.1_@capacitor+core@8.0.1/node_modules/@capawesome/capacitor-app-update`)"

EXTERNAL SOURCES:
  Capacitor:
    :path: "../../../../node_modules/.pnpm/@capacitor+ios@8.0.1_@capacitor+core@8.0.1/node_modules/@capacitor/ios"
  CapacitorApp:
    :path: "../../../../node_modules/.pnpm/@capacitor+app@8.0.0_@capacitor+core@8.0.1/node_modules/@capacitor/app"
  CapacitorCordova:
    :path: "../../../../node_modules/.pnpm/@capacitor+ios@8.0.1_@capacitor+core@8.0.1/node_modules/@capacitor/ios"
  CapacitorPluginSafeArea:
    :path: "../../../../node_modules/.pnpm/capacitor-plugin-safe-area@5.0.0_@capacitor+core@8.0.1/node_modules/capacitor-plugin-safe-area"
  CapacitorShare:
    :path: "../../../../node_modules/.pnpm/@capacitor+share@8.0.0_@capacitor+core@8.0.1/node_modules/@capacitor/share"
  CapacitorSplashScreen:
    :path: "../../../../node_modules/.pnpm/@capacitor+splash-screen@8.0.0_@capacitor+core@8.0.1/node_modules/@capacitor/splash-screen"
  CapawesomeCapacitorAppUpdate:
    :path: "../../../../node_modules/.pnpm/@capawesome+capacitor-app-update@8.0.1_@capacitor+core@8.0.1/node_modules/@capawesome/capacitor-app-update"

SPEC CHECKSUMS:
  Capacitor: ff35b0f66370b84aa238251b35b91886a3207c16
  CapacitorApp: 3963a84197280757b84f126afd1520a85ae3b092
  CapacitorCordova: 0d65b9bb74e995dcecb9463f34f1af2aba6f955c
  CapacitorPluginSafeArea: 9d0682951c011bf0b36e513a89103c5fbff7ac49
  CapacitorShare: 12f1d192170cbcf9f108fd675ac8e343761a4638
  CapacitorSplashScreen: 422880d7117605c30699eb4b21644b62db42e86c
  CapawesomeCapacitorAppUpdate: b51cf29f28f664ef942feb12a76116d87eee62f0

PODFILE CHECKSUM: 056ec261bc54f6ac6e378c27ef5567f13b345d0e

COCOAPODS: 1.16.2
